
Microsoft Visual Studio Solution File, Format Version 12.00
# Visual Studio 14
VisualStudioVersion = 14.0.25123.0
MinimumVisualStudioVersion = 10.0.40219.1
Project("{E24C65DC-7377-472B-9ABA-BC803B73C61A}") = "YunDongXie", ".", "{1C8A13BC-74CD-47F4-9B86-ECFCF548B6ED}"
	ProjectSection(WebsiteProperties) = preProject
		TargetFrameworkMoniker = ".NETFramework,Version%3Dv2.0"
		Debug.AspNetCompiler.VirtualPath = "/YunDongXie"
		Debug.AspNetCompiler.PhysicalPath = "..\YunDongXie\"
		Debug.AspNetCompiler.TargetPath = "PrecompiledWeb\YunDongXie\"
		Debug.AspNetCompiler.Updateable = "true"
		Debug.AspNetCompiler.ForceOverwrite = "true"
		Debug.AspNetCompiler.FixedNames = "false"
		Debug.AspNetCompiler.Debug = "True"
		Release.AspNetCompiler.VirtualPath = "/YunDongXie"
		Release.AspNetCompiler.PhysicalPath = "..\YunDongXie\"
		Release.AspNetCompiler.TargetPath = "PrecompiledWeb\YunDongXie\"
		Release.AspNetCompiler.Updateable = "true"
		Release.AspNetCompiler.ForceOverwrite = "true"
		Release.AspNetCompiler.FixedNames = "false"
		Release.AspNetCompiler.Debug = "False"
		VWDPort = "52430"
		DefaultWebSiteLanguage = "Visual C#"
	EndProjectSection
EndProject
Global
	GlobalSection(SolutionConfigurationPlatforms) = preSolution
		Debug|.NET = Debug|.NET
	EndGlobalSection
	GlobalSection(ProjectConfigurationPlatforms) = postSolution
		{1C8A13BC-74CD-47F4-9B86-ECFCF548B6ED}.Debug|.NET.ActiveCfg = Debug|Any CPU
		{1C8A13BC-74CD-47F4-9B86-ECFCF548B6ED}.Debug|.NET.Build.0 = Debug|Any CPU
	EndGlobalSection
	GlobalSection(SolutionProperties) = preSolution
		HideSolutionNode = FALSE
	EndGlobalSection
EndGlobal
